
Microsoft Visual Studio Solution File, Format Version 12.00
# Visual Studio Version 16
VisualStudioVersion = 16.0.30517.126
MinimumVisualStudioVersion = 10.0.40219.1
Project("{9A19103F-16F7-4668-BE54-9A1E7A4F7556}") = "Loja_Cet50", "Loja-Cet50\Loja_Cet50.csproj", "{C161CEB5-3099-4CEC-9383-EF648BCCE30E}"
EndProject
Global
	GlobalSection(SolutionConfigurationPlatforms) = preSolution
		Debug|Any CPU = Debug|Any CPU
		Release|Any CPU = Release|Any CPU
	EndGlobalSection
	GlobalSection(ProjectConfigurationPlatforms) = postSolution
		{C161CEB5-3099-4CEC-9383-EF648BCCE30E}.Debug|Any CPU.ActiveCfg = Debug|Any CPU
		{C161CEB5-3099-4CEC-9383-EF648BCCE30E}.Debug|Any CPU.Build.0 = Debug|Any CPU
		{C161CEB5-3099-4CEC-9383-EF648BCCE30E}.Release|Any CPU.ActiveCfg = Release|Any CPU
		{C161CEB5-3099-4CEC-9383-EF648BCCE30E}.Release|Any CPU.Build.0 = Release|Any CPU
	EndGlobalSection
	GlobalSection(SolutionProperties) = preSolution
		HideSolutionNode = FALSE
	EndGlobalSection
	GlobalSection(ExtensibilityGlobals) = postSolution
		SolutionGuid = {53B3F0B2-6740-4E1D-85F2-D9B5D50667BF}
	EndGlobalSection
EndGlobal
